
Microsoft Visual Studio Solution File, Format Version 12.00
# Visual Studio Version 17
VisualStudioVersion = 17.8.34330.188
MinimumVisualStudioVersion = 10.0.40219.1
Project("{2150E333-8FDC-42A3-9474-1A3956D46DE8}") = "Ssz", "Ssz", "{B6E9A301-CA5A-4C93-9393-6AD19166ADFC}"
EndProject
Project("{2150E333-8FDC-42A3-9474-1A3956D46DE8}") = "ThirdParties", "ThirdParties", "{00166DC2-181F-4D2F-A649-2C78EF03F8F6}"
EndProject
Project("{9A19103F-16F7-4668-BE54-9A1E7A4F7556}") = "YamlDotNet", "..\Ssz.Utils\ThirdParties\YamlDotNet\YamlDotNet.csproj", "{F2C541FE-018E-4785-A80E-6B20341C31A9}"
EndProject
Project("{9A19103F-16F7-4668-BE54-9A1E7A4F7556}") = "Ssz.Utils", "..\Ssz.Utils\Ssz.Utils\Ssz.Utils.csproj", "{61090623-2C72-422A-A769-1E03597B8AB0}"
EndProject
Project("{9A19103F-16F7-4668-BE54-9A1E7A4F7556}") = "Ssz.AI", "Ssz.AI\Ssz.AI.csproj", "{D198566A-6233-45D1-8CC6-948B285FAAC4}"
EndProject
Project("{9A19103F-16F7-4668-BE54-9A1E7A4F7556}") = "Ssz.AI.Core", "Ssz.AI.Core\Ssz.AI.Core.csproj", "{0338E4A5-BD07-4F8D-B648-15433F4281E3}"
EndProject
Project("{9A19103F-16F7-4668-BE54-9A1E7A4F7556}") = "ZKWeb.System.Drawing", "..\Ssz.Utils\ThirdParties\ZKWeb.System.Drawing\ZKWeb.System.Drawing.csproj", "{618E8246-4306-42E8-BCB7-C9E9BF452A49}"
EndProject
Project("{2150E333-8FDC-42A3-9474-1A3956D46DE8}") = "TensorFlow.NET", "TensorFlow.NET", "{D7106451-C8AD-466D-9693-D6D48A9B7855}"
EndProject
Project("{FAE04EC0-301F-11D3-BF4B-00C04F79EFBC}") = "Tensorflow.Binding", "TensorFlow.NET\src\TensorFlowNET.Core\Tensorflow.Binding.csproj", "{DA2D1E2C-1BE3-45B6-8277-366861A29ABE}"
EndProject
Project("{FAE04EC0-301F-11D3-BF4B-00C04F79EFBC}") = "Tensorflow.Keras", "TensorFlow.NET\src\TensorFlowNET.Keras\Tensorflow.Keras.csproj", "{EF588A66-9C7F-4F9C-9FBB-F7F3DAE779A6}"
EndProject
Project("{FAE04EC0-301F-11D3-BF4B-00C04F79EFBC}") = "Ssz.Utils.Avalonia", "..\Ssz.Utils\Ssz.Utils.Avalonia\Ssz.Utils.Avalonia.csproj", "{7CC37E63-17D6-841B-E665-F5B42D38BE2D}"
EndProject
Project("{FAE04EC0-301F-11D3-BF4B-00C04F79EFBC}") = "Ssz.Utils.Avalonia.Model3D", "..\Ssz.Utils\Ssz.Utils.Avalonia.Model3D\Ssz.Utils.Avalonia.Model3D.csproj", "{CD11E783-5855-EE27-5612-61854D948FE5}"
EndProject
Project("{FAE04EC0-301F-11D3-BF4B-00C04F79EFBC}") = "OxyPlot.Core", "..\Ssz.Utils\ThirdParties\OxyPlot\OxyPlot.Core\OxyPlot.Core.csproj", "{AC034B56-8E34-BEC2-43AE-F9F8EB6CBFA9}"
EndProject
Project("{FAE04EC0-301F-11D3-BF4B-00C04F79EFBC}") = "OxyPlot.Avalonia", "..\Ssz.Utils\ThirdParties\OxyPlot\OxyPlot.Avalonia\OxyPlot.Avalonia.csproj", "{F104DE4E-AA9D-06AF-3043-36C46E7661A0}"
EndProject
Global
	GlobalSection(SolutionConfigurationPlatforms) = preSolution
		Debug|Any CPU = Debug|Any CPU
		Debug|x64 = Debug|x64
		Debug|x86 = Debug|x86
		GPU|Any CPU = GPU|Any CPU
		GPU|x64 = GPU|x64
		GPU|x86 = GPU|x86
		Release|Any CPU = Release|Any CPU
		Release|x64 = Release|x64
		Release|x86 = Release|x86
	EndGlobalSection
	GlobalSection(ProjectConfigurationPlatforms) = postSolution
		{F2C541FE-018E-4785-A80E-6B20341C31A9}.Debug|Any CPU.ActiveCfg = Debug|Any CPU
		{F2C541FE-018E-4785-A80E-6B20341C31A9}.Debug|Any CPU.Build.0 = Debug|Any CPU
		{F2C541FE-018E-4785-A80E-6B20341C31A9}.Debug|x64.ActiveCfg = Debug|Any CPU
		{F2C541FE-018E-4785-A80E-6B20341C31A9}.Debug|x64.Build.0 = Debug|Any CPU
		{F2C541FE-018E-4785-A80E-6B20341C31A9}.Debug|x86.ActiveCfg = Debug|x86
		{F2C541FE-018E-4785-A80E-6B20341C31A9}.Debug|x86.Build.0 = Debug|x86
		{F2C541FE-018E-4785-A80E-6B20341C31A9}.GPU|Any CPU.ActiveCfg = Release|Any CPU
		{F2C541FE-018E-4785-A80E-6B20341C31A9}.GPU|Any CPU.Build.0 = Release|Any CPU
		{F2C541FE-018E-4785-A80E-6B20341C31A9}.GPU|x64.ActiveCfg = Release|Any CPU
		{F2C541FE-018E-4785-A80E-6B20341C31A9}.GPU|x64.Build.0 = Release|Any CPU
		{F2C541FE-018E-4785-A80E-6B20341C31A9}.GPU|x86.ActiveCfg = Release|x86
		{F2C541FE-018E-4785-A80E-6B20341C31A9}.GPU|x86.Build.0 = Release|x86
		{F2C541FE-018E-4785-A80E-6B20341C31A9}.Release|Any CPU.ActiveCfg = Release|Any CPU
		{F2C541FE-018E-4785-A80E-6B20341C31A9}.Release|Any CPU.Build.0 = Release|Any CPU
		{F2C541FE-018E-4785-A80E-6B20341C31A9}.Release|x64.ActiveCfg = Release|Any CPU
		{F2C541FE-018E-4785-A80E-6B20341C31A9}.Release|x64.Build.0 = Release|Any CPU
		{F2C541FE-018E-4785-A80E-6B20341C31A9}.Release|x86.ActiveCfg = Release|x86
		{F2C541FE-018E-4785-A80E-6B20341C31A9}.Release|x86.Build.0 = Release|x86
		{61090623-2C72-422A-A769-1E03597B8AB0}.Debug|Any CPU.ActiveCfg = Debug|Any CPU
		{61090623-2C72-422A-A769-1E03597B8AB0}.Debug|Any CPU.Build.0 = Debug|Any CPU
		{61090623-2C72-422A-A769-1E03597B8AB0}.Debug|x64.ActiveCfg = Debug|Any CPU
		{61090623-2C72-422A-A769-1E03597B8AB0}.Debug|x64.Build.0 = Debug|Any CPU
		{61090623-2C72-422A-A769-1E03597B8AB0}.Debug|x86.ActiveCfg = Debug|x86
		{61090623-2C72-422A-A769-1E03597B8AB0}.Debug|x86.Build.0 = Debug|x86
		{61090623-2C72-422A-A769-1E03597B8AB0}.GPU|Any CPU.ActiveCfg = Release|Any CPU
		{61090623-2C72-422A-A769-1E03597B8AB0}.GPU|Any CPU.Build.0 = Release|Any CPU
		{61090623-2C72-422A-A769-1E03597B8AB0}.GPU|x64.ActiveCfg = Release|Any CPU
		{61090623-2C72-422A-A769-1E03597B8AB0}.GPU|x64.Build.0 = Release|Any CPU
		{61090623-2C72-422A-A769-1E03597B8AB0}.GPU|x86.ActiveCfg = Release|x86
		{61090623-2C72-422A-A769-1E03597B8AB0}.GPU|x86.Build.0 = Release|x86
		{61090623-2C72-422A-A769-1E03597B8AB0}.Release|Any CPU.ActiveCfg = Release|Any CPU
		{61090623-2C72-422A-A769-1E03597B8AB0}.Release|Any CPU.Build.0 = Release|Any CPU
		{61090623-2C72-422A-A769-1E03597B8AB0}.Release|x64.ActiveCfg = Release|Any CPU
		{61090623-2C72-422A-A769-1E03597B8AB0}.Release|x64.Build.0 = Release|Any CPU
		{61090623-2C72-422A-A769-1E03597B8AB0}.Release|x86.ActiveCfg = Release|x86
		{61090623-2C72-422A-A769-1E03597B8AB0}.Release|x86.Build.0 = Release|x86
		{D198566A-6233-45D1-8CC6-948B285FAAC4}.Debug|Any CPU.ActiveCfg = Debug|Any CPU
		{D198566A-6233-45D1-8CC6-948B285FAAC4}.Debug|Any CPU.Build.0 = Debug|Any CPU
		{D198566A-6233-45D1-8CC6-948B285FAAC4}.Debug|x64.ActiveCfg = Debug|Any CPU
		{D198566A-6233-45D1-8CC6-948B285FAAC4}.Debug|x64.Build.0 = Debug|Any CPU
		{D198566A-6233-45D1-8CC6-948B285FAAC4}.Debug|x86.ActiveCfg = Debug|Any CPU
		{D198566A-6233-45D1-8CC6-948B285FAAC4}.Debug|x86.Build.0 = Debug|Any CPU
		{D198566A-6233-45D1-8CC6-948B285FAAC4}.GPU|Any CPU.ActiveCfg = Release|Any CPU
		{D198566A-6233-45D1-8CC6-948B285FAAC4}.GPU|Any CPU.Build.0 = Release|Any CPU
		{D198566A-6233-45D1-8CC6-948B285FAAC4}.GPU|x64.ActiveCfg = Release|Any CPU
		{D198566A-6233-45D1-8CC6-948B285FAAC4}.GPU|x64.Build.0 = Release|Any CPU
		{D198566A-6233-45D1-8CC6-948B285FAAC4}.GPU|x86.ActiveCfg = Release|Any CPU
		{D198566A-6233-45D1-8CC6-948B285FAAC4}.GPU|x86.Build.0 = Release|Any CPU
		{D198566A-6233-45D1-8CC6-948B285FAAC4}.Release|Any CPU.ActiveCfg = Release|Any CPU
		{D198566A-6233-45D1-8CC6-948B285FAAC4}.Release|Any CPU.Build.0 = Release|Any CPU
		{D198566A-6233-45D1-8CC6-948B285FAAC4}.Release|x64.ActiveCfg = Release|Any CPU
		{D198566A-6233-45D1-8CC6-948B285FAAC4}.Release|x64.Build.0 = Release|Any CPU
		{D198566A-6233-45D1-8CC6-948B285FAAC4}.Release|x86.ActiveCfg = Release|Any CPU
		{D198566A-6233-45D1-8CC6-948B285FAAC4}.Release|x86.Build.0 = Release|Any CPU
		{0338E4A5-BD07-4F8D-B648-15433F4281E3}.Debug|Any CPU.ActiveCfg = Debug|Any CPU
		{0338E4A5-BD07-4F8D-B648-15433F4281E3}.Debug|Any CPU.Build.0 = Debug|Any CPU
		{0338E4A5-BD07-4F8D-B648-15433F4281E3}.Debug|x64.ActiveCfg = Debug|Any CPU
		{0338E4A5-BD07-4F8D-B648-15433F4281E3}.Debug|x64.Build.0 = Debug|Any CPU
		{0338E4A5-BD07-4F8D-B648-15433F4281E3}.Debug|x86.ActiveCfg = Debug|Any CPU
		{0338E4A5-BD07-4F8D-B648-15433F4281E3}.Debug|x86.Build.0 = Debug|Any CPU
		{0338E4A5-BD07-4F8D-B648-15433F4281E3}.GPU|Any CPU.ActiveCfg = Release|Any CPU
		{0338E4A5-BD07-4F8D-B648-15433F4281E3}.GPU|Any CPU.Build.0 = Release|Any CPU
		{0338E4A5-BD07-4F8D-B648-15433F4281E3}.GPU|x64.ActiveCfg = Release|Any CPU
		{0338E4A5-BD07-4F8D-B648-15433F4281E3}.GPU|x64.Build.0 = Release|Any CPU
		{0338E4A5-BD07-4F8D-B648-15433F4281E3}.GPU|x86.ActiveCfg = Release|Any CPU
		{0338E4A5-BD07-4F8D-B648-15433F4281E3}.GPU|x86.Build.0 = Release|Any CPU
		{0338E4A5-BD07-4F8D-B648-15433F4281E3}.Release|Any CPU.ActiveCfg = Release|Any CPU
		{0338E4A5-BD07-4F8D-B648-15433F4281E3}.Release|Any CPU.Build.0 = Release|Any CPU
		{0338E4A5-BD07-4F8D-B648-15433F4281E3}.Release|x64.ActiveCfg = Release|Any CPU
		{0338E4A5-BD07-4F8D-B648-15433F4281E3}.Release|x64.Build.0 = Release|Any CPU
		{0338E4A5-BD07-4F8D-B648-15433F4281E3}.Release|x86.ActiveCfg = Release|Any CPU
		{0338E4A5-BD07-4F8D-B648-15433F4281E3}.Release|x86.Build.0 = Release|Any CPU
		{618E8246-4306-42E8-BCB7-C9E9BF452A49}.Debug|Any CPU.ActiveCfg = Debug|Any CPU
		{618E8246-4306-42E8-BCB7-C9E9BF452A49}.Debug|Any CPU.Build.0 = Debug|Any CPU
		{618E8246-4306-42E8-BCB7-C9E9BF452A49}.Debug|x64.ActiveCfg = Debug|Any CPU
		{618E8246-4306-42E8-BCB7-C9E9BF452A49}.Debug|x64.Build.0 = Debug|Any CPU
		{618E8246-4306-42E8-BCB7-C9E9BF452A49}.Debug|x86.ActiveCfg = Debug|Any CPU
		{618E8246-4306-42E8-BCB7-C9E9BF452A49}.Debug|x86.Build.0 = Debug|Any CPU
		{618E8246-4306-42E8-BCB7-C9E9BF452A49}.GPU|Any CPU.ActiveCfg = Release|Any CPU
		{618E8246-4306-42E8-BCB7-C9E9BF452A49}.GPU|Any CPU.Build.0 = Release|Any CPU
		{618E8246-4306-42E8-BCB7-C9E9BF452A49}.GPU|x64.ActiveCfg = Release|Any CPU
		{618E8246-4306-42E8-BCB7-C9E9BF452A49}.GPU|x64.Build.0 = Release|Any CPU
		{618E8246-4306-42E8-BCB7-C9E9BF452A49}.GPU|x86.ActiveCfg = Release|Any CPU
		{618E8246-4306-42E8-BCB7-C9E9BF452A49}.GPU|x86.Build.0 = Release|Any CPU
		{618E8246-4306-42E8-BCB7-C9E9BF452A49}.Release|Any CPU.ActiveCfg = Release|Any CPU
		{618E8246-4306-42E8-BCB7-C9E9BF452A49}.Release|Any CPU.Build.0 = Release|Any CPU
		{618E8246-4306-42E8-BCB7-C9E9BF452A49}.Release|x64.ActiveCfg = Release|Any CPU
		{618E8246-4306-42E8-BCB7-C9E9BF452A49}.Release|x64.Build.0 = Release|Any CPU
		{618E8246-4306-42E8-BCB7-C9E9BF452A49}.Release|x86.ActiveCfg = Release|Any CPU
		{618E8246-4306-42E8-BCB7-C9E9BF452A49}.Release|x86.Build.0 = Release|Any CPU
		{DA2D1E2C-1BE3-45B6-8277-366861A29ABE}.Debug|Any CPU.ActiveCfg = Debug|Any CPU
		{DA2D1E2C-1BE3-45B6-8277-366861A29ABE}.Debug|Any CPU.Build.0 = Debug|Any CPU
		{DA2D1E2C-1BE3-45B6-8277-366861A29ABE}.Debug|x64.ActiveCfg = Debug|x64
		{DA2D1E2C-1BE3-45B6-8277-366861A29ABE}.Debug|x64.Build.0 = Debug|x64
		{DA2D1E2C-1BE3-45B6-8277-366861A29ABE}.Debug|x86.ActiveCfg = Debug|Any CPU
		{DA2D1E2C-1BE3-45B6-8277-366861A29ABE}.Debug|x86.Build.0 = Debug|Any CPU
		{DA2D1E2C-1BE3-45B6-8277-366861A29ABE}.GPU|Any CPU.ActiveCfg = GPU|Any CPU
		{DA2D1E2C-1BE3-45B6-8277-366861A29ABE}.GPU|Any CPU.Build.0 = GPU|Any CPU
		{DA2D1E2C-1BE3-45B6-8277-366861A29ABE}.GPU|x64.ActiveCfg = GPU|x64
		{DA2D1E2C-1BE3-45B6-8277-366861A29ABE}.GPU|x64.Build.0 = GPU|x64
		{DA2D1E2C-1BE3-45B6-8277-366861A29ABE}.GPU|x86.ActiveCfg = GPU|Any CPU
		{DA2D1E2C-1BE3-45B6-8277-366861A29ABE}.GPU|x86.Build.0 = GPU|Any CPU
		{DA2D1E2C-1BE3-45B6-8277-366861A29ABE}.Release|Any CPU.ActiveCfg = Release|Any CPU
		{DA2D1E2C-1BE3-45B6-8277-366861A29ABE}.Release|Any CPU.Build.0 = Release|Any CPU
		{DA2D1E2C-1BE3-45B6-8277-366861A29ABE}.Release|x64.ActiveCfg = Release|x64
		{DA2D1E2C-1BE3-45B6-8277-366861A29ABE}.Release|x64.Build.0 = Release|x64
		{DA2D1E2C-1BE3-45B6-8277-366861A29ABE}.Release|x86.ActiveCfg = Release|Any CPU
		{DA2D1E2C-1BE3-45B6-8277-366861A29ABE}.Release|x86.Build.0 = Release|Any CPU
		{EF588A66-9C7F-4F9C-9FBB-F7F3DAE779A6}.Debug|Any CPU.ActiveCfg = Debug|Any CPU
		{EF588A66-9C7F-4F9C-9FBB-F7F3DAE779A6}.Debug|Any CPU.Build.0 = Debug|Any CPU
		{EF588A66-9C7F-4F9C-9FBB-F7F3DAE779A6}.Debug|x64.ActiveCfg = Debug|x64
		{EF588A66-9C7F-4F9C-9FBB-F7F3DAE779A6}.Debug|x64.Build.0 = Debug|x64
		{EF588A66-9C7F-4F9C-9FBB-F7F3DAE779A6}.Debug|x86.ActiveCfg = Debug|Any CPU
		{EF588A66-9C7F-4F9C-9FBB-F7F3DAE779A6}.Debug|x86.Build.0 = Debug|Any CPU
		{EF588A66-9C7F-4F9C-9FBB-F7F3DAE779A6}.GPU|Any CPU.ActiveCfg = GPU|Any CPU
		{EF588A66-9C7F-4F9C-9FBB-F7F3DAE779A6}.GPU|Any CPU.Build.0 = GPU|Any CPU
		{EF588A66-9C7F-4F9C-9FBB-F7F3DAE779A6}.GPU|x64.ActiveCfg = GPU|x64
		{EF588A66-9C7F-4F9C-9FBB-F7F3DAE779A6}.GPU|x64.Build.0 = GPU|x64
		{EF588A66-9C7F-4F9C-9FBB-F7F3DAE779A6}.GPU|x86.ActiveCfg = GPU|Any CPU
		{EF588A66-9C7F-4F9C-9FBB-F7F3DAE779A6}.GPU|x86.Build.0 = GPU|Any CPU
		{EF588A66-9C7F-4F9C-9FBB-F7F3DAE779A6}.Release|Any CPU.ActiveCfg = Release|Any CPU
		{EF588A66-9C7F-4F9C-9FBB-F7F3DAE779A6}.Release|Any CPU.Build.0 = Release|Any CPU
		{EF588A66-9C7F-4F9C-9FBB-F7F3DAE779A6}.Release|x64.ActiveCfg = Release|x64
		{EF588A66-9C7F-4F9C-9FBB-F7F3DAE779A6}.Release|x64.Build.0 = Release|x64
		{EF588A66-9C7F-4F9C-9FBB-F7F3DAE779A6}.Release|x86.ActiveCfg = Release|Any CPU
		{EF588A66-9C7F-4F9C-9FBB-F7F3DAE779A6}.Release|x86.Build.0 = Release|Any CPU
		{7CC37E63-17D6-841B-E665-F5B42D38BE2D}.Debug|Any CPU.ActiveCfg = Debug|Any CPU
		{7CC37E63-17D6-841B-E665-F5B42D38BE2D}.Debug|Any CPU.Build.0 = Debug|Any CPU
		{7CC37E63-17D6-841B-E665-F5B42D38BE2D}.Debug|x64.ActiveCfg = Debug|Any CPU
		{7CC37E63-17D6-841B-E665-F5B42D38BE2D}.Debug|x64.Build.0 = Debug|Any CPU
		{7CC37E63-17D6-841B-E665-F5B42D38BE2D}.Debug|x86.ActiveCfg = Debug|Any CPU
		{7CC37E63-17D6-841B-E665-F5B42D38BE2D}.Debug|x86.Build.0 = Debug|Any CPU
		{7CC37E63-17D6-841B-E665-F5B42D38BE2D}.GPU|Any CPU.ActiveCfg = Debug|Any CPU
		{7CC37E63-17D6-841B-E665-F5B42D38BE2D}.GPU|Any CPU.Build.0 = Debug|Any CPU
		{7CC37E63-17D6-841B-E665-F5B42D38BE2D}.GPU|x64.ActiveCfg = Debug|Any CPU
		{7CC37E63-17D6-841B-E665-F5B42D38BE2D}.GPU|x64.Build.0 = Debug|Any CPU
		{7CC37E63-17D6-841B-E665-F5B42D38BE2D}.GPU|x86.ActiveCfg = Debug|Any CPU
		{7CC37E63-17D6-841B-E665-F5B42D38BE2D}.GPU|x86.Build.0 = Debug|Any CPU
		{7CC37E63-17D6-841B-E665-F5B42D38BE2D}.Release|Any CPU.ActiveCfg = Release|Any CPU
		{7CC37E63-17D6-841B-E665-F5B42D38BE2D}.Release|Any CPU.Build.0 = Release|Any CPU
		{7CC37E63-17D6-841B-E665-F5B42D38BE2D}.Release|x64.ActiveCfg = Release|Any CPU
		{7CC37E63-17D6-841B-E665-F5B42D38BE2D}.Release|x64.Build.0 = Release|Any CPU
		{7CC37E63-17D6-841B-E665-F5B42D38BE2D}.Release|x86.ActiveCfg = Release|Any CPU
		{7CC37E63-17D6-841B-E665-F5B42D38BE2D}.Release|x86.Build.0 = Release|Any CPU
		{CD11E783-5855-EE27-5612-61854D948FE5}.Debug|Any CPU.ActiveCfg = Debug|Any CPU
		{CD11E783-5855-EE27-5612-61854D948FE5}.Debug|Any CPU.Build.0 = Debug|Any CPU
		{CD11E783-5855-EE27-5612-61854D948FE5}.Debug|x64.ActiveCfg = Debug|Any CPU
		{CD11E783-5855-EE27-5612-61854D948FE5}.Debug|x64.Build.0 = Debug|Any CPU
		{CD11E783-5855-EE27-5612-61854D948FE5}.Debug|x86.ActiveCfg = Debug|Any CPU
		{CD11E783-5855-EE27-5612-61854D948FE5}.Debug|x86.Build.0 = Debug|Any CPU
		{CD11E783-5855-EE27-5612-61854D948FE5}.GPU|Any CPU.ActiveCfg = Debug|Any CPU
		{CD11E783-5855-EE27-5612-61854D948FE5}.GPU|Any CPU.Build.0 = Debug|Any CPU
		{CD11E783-5855-EE27-5612-61854D948FE5}.GPU|x64.ActiveCfg = Debug|Any CPU
		{CD11E783-5855-EE27-5612-61854D948FE5}.GPU|x64.Build.0 = Debug|Any CPU
		{CD11E783-5855-EE27-5612-61854D948FE5}.GPU|x86.ActiveCfg = Debug|Any CPU
		{CD11E783-5855-EE27-5612-61854D948FE5}.GPU|x86.Build.0 = Debug|Any CPU
		{CD11E783-5855-EE27-5612-61854D948FE5}.Release|Any CPU.ActiveCfg = Release|Any CPU
		{CD11E783-5855-EE27-5612-61854D948FE5}.Release|Any CPU.Build.0 = Release|Any CPU
		{CD11E783-5855-EE27-5612-61854D948FE5}.Release|x64.ActiveCfg = Release|Any CPU
		{CD11E783-5855-EE27-5612-61854D948FE5}.Release|x64.Build.0 = Release|Any CPU
		{CD11E783-5855-EE27-5612-61854D948FE5}.Release|x86.ActiveCfg = Release|Any CPU
		{CD11E783-5855-EE27-5612-61854D948FE5}.Release|x86.Build.0 = Release|Any CPU
		{AC034B56-8E34-BEC2-43AE-F9F8EB6CBFA9}.Debug|Any CPU.ActiveCfg = Debug|Any CPU
		{AC034B56-8E34-BEC2-43AE-F9F8EB6CBFA9}.Debug|Any CPU.Build.0 = Debug|Any CPU
		{AC034B56-8E34-BEC2-43AE-F9F8EB6CBFA9}.Debug|x64.ActiveCfg = Debug|Any CPU
		{AC034B56-8E34-BEC2-43AE-F9F8EB6CBFA9}.Debug|x64.Build.0 = Debug|Any CPU
		{AC034B56-8E34-BEC2-43AE-F9F8EB6CBFA9}.Debug|x86.ActiveCfg = Debug|Any CPU
		{AC034B56-8E34-BEC2-43AE-F9F8EB6CBFA9}.Debug|x86.Build.0 = Debug|Any CPU
		{AC034B56-8E34-BEC2-43AE-F9F8EB6CBFA9}.GPU|Any CPU.ActiveCfg = Debug|Any CPU
		{AC034B56-8E34-BEC2-43AE-F9F8EB6CBFA9}.GPU|Any CPU.Build.0 = Debug|Any CPU
		{AC034B56-8E34-BEC2-43AE-F9F8EB6CBFA9}.GPU|x64.ActiveCfg = Debug|Any CPU
		{AC034B56-8E34-BEC2-43AE-F9F8EB6CBFA9}.GPU|x64.Build.0 = Debug|Any CPU
		{AC034B56-8E34-BEC2-43AE-F9F8EB6CBFA9}.GPU|x86.ActiveCfg = Debug|Any CPU
		{AC034B56-8E34-BEC2-43AE-F9F8EB6CBFA9}.GPU|x86.Build.0 = Debug|Any CPU
		{AC034B56-8E34-BEC2-43AE-F9F8EB6CBFA9}.Release|Any CPU.ActiveCfg = Release|Any CPU
		{AC034B56-8E34-BEC2-43AE-F9F8EB6CBFA9}.Release|Any CPU.Build.0 = Release|Any CPU
		{AC034B56-8E34-BEC2-43AE-F9F8EB6CBFA9}.Release|x64.ActiveCfg = Release|Any CPU
		{AC034B56-8E34-BEC2-43AE-F9F8EB6CBFA9}.Release|x64.Build.0 = Release|Any CPU
		{AC034B56-8E34-BEC2-43AE-F9F8EB6CBFA9}.Release|x86.ActiveCfg = Release|Any CPU
		{AC034B56-8E34-BEC2-43AE-F9F8EB6CBFA9}.Release|x86.Build.0 = Release|Any CPU
		{F104DE4E-AA9D-06AF-3043-36C46E7661A0}.Debug|Any CPU.ActiveCfg = Debug|Any CPU
		{F104DE4E-AA9D-06AF-3043-36C46E7661A0}.Debug|Any CPU.Build.0 = Debug|Any CPU
		{F104DE4E-AA9D-06AF-3043-36C46E7661A0}.Debug|x64.ActiveCfg = Debug|Any CPU
		{F104DE4E-AA9D-06AF-3043-36C46E7661A0}.Debug|x64.Build.0 = Debug|Any CPU
		{F104DE4E-AA9D-06AF-3043-36C46E7661A0}.Debug|x86.ActiveCfg = Debug|Any CPU
		{F104DE4E-AA9D-06AF-3043-36C46E7661A0}.Debug|x86.Build.0 = Debug|Any CPU
		{F104DE4E-AA9D-06AF-3043-36C46E7661A0}.GPU|Any CPU.ActiveCfg = Debug|Any CPU
		{F104DE4E-AA9D-06AF-3043-36C46E7661A0}.GPU|Any CPU.Build.0 = Debug|Any CPU
		{F104DE4E-AA9D-06AF-3043-36C46E7661A0}.GPU|x64.ActiveCfg = Debug|Any CPU
		{F104DE4E-AA9D-06AF-3043-36C46E7661A0}.GPU|x64.Build.0 = Debug|Any CPU
		{F104DE4E-AA9D-06AF-3043-36C46E7661A0}.GPU|x86.ActiveCfg = Debug|Any CPU
		{F104DE4E-AA9D-06AF-3043-36C46E7661A0}.GPU|x86.Build.0 = Debug|Any CPU
		{F104DE4E-AA9D-06AF-3043-36C46E7661A0}.Release|Any CPU.ActiveCfg = Release|Any CPU
		{F104DE4E-AA9D-06AF-3043-36C46E7661A0}.Release|Any CPU.Build.0 = Release|Any CPU
		{F104DE4E-AA9D-06AF-3043-36C46E7661A0}.Release|x64.ActiveCfg = Release|Any CPU
		{F104DE4E-AA9D-06AF-3043-36C46E7661A0}.Release|x64.Build.0 = Release|Any CPU
		{F104DE4E-AA9D-06AF-3043-36C46E7661A0}.Release|x86.ActiveCfg = Release|Any CPU
		{F104DE4E-AA9D-06AF-3043-36C46E7661A0}.Release|x86.Build.0 = Release|Any CPU
	EndGlobalSection
	GlobalSection(SolutionProperties) = preSolution
		HideSolutionNode = FALSE
	EndGlobalSection
	GlobalSection(NestedProjects) = preSolution
		{00166DC2-181F-4D2F-A649-2C78EF03F8F6} = {B6E9A301-CA5A-4C93-9393-6AD19166ADFC}
		{F2C541FE-018E-4785-A80E-6B20341C31A9} = {00166DC2-181F-4D2F-A649-2C78EF03F8F6}
		{61090623-2C72-422A-A769-1E03597B8AB0} = {B6E9A301-CA5A-4C93-9393-6AD19166ADFC}
		{618E8246-4306-42E8-BCB7-C9E9BF452A49} = {00166DC2-181F-4D2F-A649-2C78EF03F8F6}
		{DA2D1E2C-1BE3-45B6-8277-366861A29ABE} = {D7106451-C8AD-466D-9693-D6D48A9B7855}
		{EF588A66-9C7F-4F9C-9FBB-F7F3DAE779A6} = {D7106451-C8AD-466D-9693-D6D48A9B7855}
		{7CC37E63-17D6-841B-E665-F5B42D38BE2D} = {B6E9A301-CA5A-4C93-9393-6AD19166ADFC}
		{CD11E783-5855-EE27-5612-61854D948FE5} = {B6E9A301-CA5A-4C93-9393-6AD19166ADFC}
		{AC034B56-8E34-BEC2-43AE-F9F8EB6CBFA9} = {00166DC2-181F-4D2F-A649-2C78EF03F8F6}
		{F104DE4E-AA9D-06AF-3043-36C46E7661A0} = {00166DC2-181F-4D2F-A649-2C78EF03F8F6}
	EndGlobalSection
	GlobalSection(ExtensibilityGlobals) = postSolution
		SolutionGuid = {8C0F748A-8AAA-4928-8C5F-A38D96107B53}
	EndGlobalSection
EndGlobal
